
Microsoft Visual Studio Solution File, Format Version 12.00
# Visual Studio Version 17
VisualStudioVersion = 17.10.35004.147
MinimumVisualStudioVersion = 10.0.40219.1
Project("{FAE04EC0-301F-11D3-BF4B-00C04F79EFBC}") = "lab2", "lab2\lab2.csproj", "{98A54469-9B84-4D81-B8C7-9BD8F90EA3C0}"
EndProject
Global
	GlobalSection(SolutionConfigurationPlatforms) = preSolution
		Debug|Any CPU = Debug|Any CPU
		Release|Any CPU = Release|Any CPU
	EndGlobalSection
	GlobalSection(ProjectConfigurationPlatforms) = postSolution
		{98A54469-9B84-4D81-B8C7-9BD8F90EA3C0}.Debug|Any CPU.ActiveCfg = Debug|Any CPU
		{98A54469-9B84-4D81-B8C7-9BD8F90EA3C0}.Debug|Any CPU.Build.0 = Debug|Any CPU
		{98A54469-9B84-4D81-B8C7-9BD8F90EA3C0}.Release|Any CPU.ActiveCfg = Release|Any CPU
		{98A54469-9B84-4D81-B8C7-9BD8F90EA3C0}.Release|Any CPU.Build.0 = Release|Any CPU
	EndGlobalSection
	GlobalSection(SolutionProperties) = preSolution
		HideSolutionNode = FALSE
	EndGlobalSection
	GlobalSection(ExtensibilityGlobals) = postSolution
		SolutionGuid = {3133B474-9F0C-45B8-9FB4-E524CACBCB9E}
	EndGlobalSection
EndGlobal
